
Microsoft Visual Studio Solution File, Format Version 12.00
# Visual Studio Version 17
VisualStudioVersion = 17.0.31903.59
MinimumVisualStudioVersion = 10.0.40219.1
Project("{E53339B2-1760-4266-BCC7-CA923CBCF16C}") = "docker-compose", "docker-compose.dcproj", "{944FAC51-91B4-4AAA-8F7B-B060286D703C}"
EndProject
Project("{9A19103F-16F7-4668-BE54-9A1E7A4F7556}") = "Insumos.Api", "Services\Insumos\Insumos.Api\Insumos.Api.csproj", "{E804C629-E63A-4C31-AC7C-523C6388DE7A}"
EndProject
Project("{2150E333-8FDC-42A3-9474-1A3956D46DE8}") = "Insumos", "Insumos", "{BCDA2338-7F1B-467D-B922-2F3B32DFDEFB}"
EndProject
Project("{00D1A9C2-B5F0-4AF3-8072-F6C62B433612}") = "Insumos.DB", "Services\Insumos\Insumos.DB\Insumos.DB.sqlproj", "{F68A610B-B5F3-456F-AC7A-FB60CA47DD39}"
EndProject
Project("{2150E333-8FDC-42A3-9474-1A3956D46DE8}") = "Core", "Core", "{1029913F-F4E0-49AA-838E-9325CEC35182}"
EndProject
Project("{2150E333-8FDC-42A3-9474-1A3956D46DE8}") = "External", "External", "{CEC9A23E-8989-4144-B653-5488008A97E7}"
EndProject
Project("{9A19103F-16F7-4668-BE54-9A1E7A4F7556}") = "Insumos.Infraestructure", "Services\Insumos\Insumos.Infraestructure\Insumos.Infraestructure.csproj", "{9D4E819A-9977-4589-8B8F-04373911191F}"
EndProject
Project("{9A19103F-16F7-4668-BE54-9A1E7A4F7556}") = "Insumos.Presentation", "Services\Insumos\Insumos.Presentation\Insumos.Presentation.csproj", "{CC038C0B-AD8C-473C-A7D3-2106BB63A90F}"
EndProject
Project("{9A19103F-16F7-4668-BE54-9A1E7A4F7556}") = "Insumos.Application", "Services\Insumos\Insumos.Application\Insumos.Application.csproj", "{C1AB6C5A-BFE8-4DBD-B330-5E4E8D36CF6A}"
EndProject
Project("{9A19103F-16F7-4668-BE54-9A1E7A4F7556}") = "Insumos.Domain", "Services\Insumos\Insumos.Domain\Insumos.Domain.csproj", "{96B4724E-21BE-4BFE-B191-EFE0DEF95575}"
EndProject
Project("{2150E333-8FDC-42A3-9474-1A3956D46DE8}") = "Gateway", "Gateway", "{0B3BF2BE-B061-4148-A2FD-F30B54266D67}"
EndProject
Project("{9A19103F-16F7-4668-BE54-9A1E7A4F7556}") = "Gateway.Api", "Services\Gateway\Gateway.Api.csproj", "{6111522D-10E1-4FA9-8646-34CA1A6D0B81}"
EndProject
Project("{2150E333-8FDC-42A3-9474-1A3956D46DE8}") = "Ventas", "Ventas", "{FE0A6A53-9E37-4F6A-8008-0630E90D7099}"
EndProject
Project("{9A19103F-16F7-4668-BE54-9A1E7A4F7556}") = "Ventas.Domain", "Services\Ventas\Ventas.Domain\Ventas.Domain.csproj", "{28AA0546-EEF3-401E-9FF9-C77E6A14BC95}"
EndProject
Project("{2150E333-8FDC-42A3-9474-1A3956D46DE8}") = "Core", "Core", "{BFEBCC95-11F5-45C8-BDC4-9009082E85FB}"
EndProject
Project("{2150E333-8FDC-42A3-9474-1A3956D46DE8}") = "External", "External", "{9882A14B-D12E-4D9A-B257-1B868A600A6D}"
EndProject
Project("{9A19103F-16F7-4668-BE54-9A1E7A4F7556}") = "Ventas.Infraestructure", "Services\Ventas\Ventas.Infraestructure\Ventas.Infraestructure.csproj", "{779AD218-7429-453F-ACEE-30F0A919A94C}"
EndProject
Project("{9A19103F-16F7-4668-BE54-9A1E7A4F7556}") = "Ventas.Application", "Services\Ventas\Ventas.Application\Ventas.Application.csproj", "{5277B19D-317B-425C-BDEA-7112682DE807}"
EndProject
Project("{9A19103F-16F7-4668-BE54-9A1E7A4F7556}") = "Ventas.Presentation", "Services\Ventas\Ventas.Presentation\Ventas.Presentation.csproj", "{97E17E17-8792-4741-A3EF-61EA39CC9F00}"
EndProject
Project("{00D1A9C2-B5F0-4AF3-8072-F6C62B433612}") = "Ventas.DB", "Services\Ventas\Ventas.DB\Ventas.DB.sqlproj", "{AD1A69DA-A5D6-44D8-84B7-D697FC417A8C}"
EndProject
Project("{9A19103F-16F7-4668-BE54-9A1E7A4F7556}") = "Ventas.Api", "Services\Ventas\Ventas.Api\Ventas.Api.csproj", "{69489C97-5CA2-4A5A-B275-1FC3ABCEA30F}"
EndProject
Global
	GlobalSection(SolutionConfigurationPlatforms) = preSolution
		Debug|Any CPU = Debug|Any CPU
		Release|Any CPU = Release|Any CPU
	EndGlobalSection
	GlobalSection(ProjectConfigurationPlatforms) = postSolution
		{944FAC51-91B4-4AAA-8F7B-B060286D703C}.Debug|Any CPU.ActiveCfg = Debug|Any CPU
		{944FAC51-91B4-4AAA-8F7B-B060286D703C}.Debug|Any CPU.Build.0 = Debug|Any CPU
		{944FAC51-91B4-4AAA-8F7B-B060286D703C}.Release|Any CPU.ActiveCfg = Release|Any CPU
		{944FAC51-91B4-4AAA-8F7B-B060286D703C}.Release|Any CPU.Build.0 = Release|Any CPU
		{E804C629-E63A-4C31-AC7C-523C6388DE7A}.Debug|Any CPU.ActiveCfg = Debug|Any CPU
		{E804C629-E63A-4C31-AC7C-523C6388DE7A}.Debug|Any CPU.Build.0 = Debug|Any CPU
		{E804C629-E63A-4C31-AC7C-523C6388DE7A}.Release|Any CPU.ActiveCfg = Release|Any CPU
		{E804C629-E63A-4C31-AC7C-523C6388DE7A}.Release|Any CPU.Build.0 = Release|Any CPU
		{F68A610B-B5F3-456F-AC7A-FB60CA47DD39}.Debug|Any CPU.ActiveCfg = Debug|Any CPU
		{F68A610B-B5F3-456F-AC7A-FB60CA47DD39}.Debug|Any CPU.Build.0 = Debug|Any CPU
		{F68A610B-B5F3-456F-AC7A-FB60CA47DD39}.Debug|Any CPU.Deploy.0 = Debug|Any CPU
		{F68A610B-B5F3-456F-AC7A-FB60CA47DD39}.Release|Any CPU.ActiveCfg = Release|Any CPU
		{F68A610B-B5F3-456F-AC7A-FB60CA47DD39}.Release|Any CPU.Build.0 = Release|Any CPU
		{F68A610B-B5F3-456F-AC7A-FB60CA47DD39}.Release|Any CPU.Deploy.0 = Release|Any CPU
		{9D4E819A-9977-4589-8B8F-04373911191F}.Debug|Any CPU.ActiveCfg = Debug|Any CPU
		{9D4E819A-9977-4589-8B8F-04373911191F}.Debug|Any CPU.Build.0 = Debug|Any CPU
		{9D4E819A-9977-4589-8B8F-04373911191F}.Release|Any CPU.ActiveCfg = Release|Any CPU
		{9D4E819A-9977-4589-8B8F-04373911191F}.Release|Any CPU.Build.0 = Release|Any CPU
		{CC038C0B-AD8C-473C-A7D3-2106BB63A90F}.Debug|Any CPU.ActiveCfg = Debug|Any CPU
		{CC038C0B-AD8C-473C-A7D3-2106BB63A90F}.Debug|Any CPU.Build.0 = Debug|Any CPU
		{CC038C0B-AD8C-473C-A7D3-2106BB63A90F}.Release|Any CPU.ActiveCfg = Release|Any CPU
		{CC038C0B-AD8C-473C-A7D3-2106BB63A90F}.Release|Any CPU.Build.0 = Release|Any CPU
		{C1AB6C5A-BFE8-4DBD-B330-5E4E8D36CF6A}.Debug|Any CPU.ActiveCfg = Debug|Any CPU
		{C1AB6C5A-BFE8-4DBD-B330-5E4E8D36CF6A}.Debug|Any CPU.Build.0 = Debug|Any CPU
		{C1AB6C5A-BFE8-4DBD-B330-5E4E8D36CF6A}.Release|Any CPU.ActiveCfg = Release|Any CPU
		{C1AB6C5A-BFE8-4DBD-B330-5E4E8D36CF6A}.Release|Any CPU.Build.0 = Release|Any CPU
		{96B4724E-21BE-4BFE-B191-EFE0DEF95575}.Debug|Any CPU.ActiveCfg = Debug|Any CPU
		{96B4724E-21BE-4BFE-B191-EFE0DEF95575}.Debug|Any CPU.Build.0 = Debug|Any CPU
		{96B4724E-21BE-4BFE-B191-EFE0DEF95575}.Release|Any CPU.ActiveCfg = Release|Any CPU
		{96B4724E-21BE-4BFE-B191-EFE0DEF95575}.Release|Any CPU.Build.0 = Release|Any CPU
		{6111522D-10E1-4FA9-8646-34CA1A6D0B81}.Debug|Any CPU.ActiveCfg = Debug|Any CPU
		{6111522D-10E1-4FA9-8646-34CA1A6D0B81}.Debug|Any CPU.Build.0 = Debug|Any CPU
		{6111522D-10E1-4FA9-8646-34CA1A6D0B81}.Release|Any CPU.ActiveCfg = Release|Any CPU
		{6111522D-10E1-4FA9-8646-34CA1A6D0B81}.Release|Any CPU.Build.0 = Release|Any CPU
		{28AA0546-EEF3-401E-9FF9-C77E6A14BC95}.Debug|Any CPU.ActiveCfg = Debug|Any CPU
		{28AA0546-EEF3-401E-9FF9-C77E6A14BC95}.Debug|Any CPU.Build.0 = Debug|Any CPU
		{28AA0546-EEF3-401E-9FF9-C77E6A14BC95}.Release|Any CPU.ActiveCfg = Release|Any CPU
		{28AA0546-EEF3-401E-9FF9-C77E6A14BC95}.Release|Any CPU.Build.0 = Release|Any CPU
		{779AD218-7429-453F-ACEE-30F0A919A94C}.Debug|Any CPU.ActiveCfg = Debug|Any CPU
		{779AD218-7429-453F-ACEE-30F0A919A94C}.Debug|Any CPU.Build.0 = Debug|Any CPU
		{779AD218-7429-453F-ACEE-30F0A919A94C}.Release|Any CPU.ActiveCfg = Release|Any CPU
		{779AD218-7429-453F-ACEE-30F0A919A94C}.Release|Any CPU.Build.0 = Release|Any CPU
		{5277B19D-317B-425C-BDEA-7112682DE807}.Debug|Any CPU.ActiveCfg = Debug|Any CPU
		{5277B19D-317B-425C-BDEA-7112682DE807}.Debug|Any CPU.Build.0 = Debug|Any CPU
		{5277B19D-317B-425C-BDEA-7112682DE807}.Release|Any CPU.ActiveCfg = Release|Any CPU
		{5277B19D-317B-425C-BDEA-7112682DE807}.Release|Any CPU.Build.0 = Release|Any CPU
		{97E17E17-8792-4741-A3EF-61EA39CC9F00}.Debug|Any CPU.ActiveCfg = Debug|Any CPU
		{97E17E17-8792-4741-A3EF-61EA39CC9F00}.Debug|Any CPU.Build.0 = Debug|Any CPU
		{97E17E17-8792-4741-A3EF-61EA39CC9F00}.Release|Any CPU.ActiveCfg = Release|Any CPU
		{97E17E17-8792-4741-A3EF-61EA39CC9F00}.Release|Any CPU.Build.0 = Release|Any CPU
		{AD1A69DA-A5D6-44D8-84B7-D697FC417A8C}.Debug|Any CPU.ActiveCfg = Debug|Any CPU
		{AD1A69DA-A5D6-44D8-84B7-D697FC417A8C}.Debug|Any CPU.Build.0 = Debug|Any CPU
		{AD1A69DA-A5D6-44D8-84B7-D697FC417A8C}.Debug|Any CPU.Deploy.0 = Debug|Any CPU
		{AD1A69DA-A5D6-44D8-84B7-D697FC417A8C}.Release|Any CPU.ActiveCfg = Release|Any CPU
		{AD1A69DA-A5D6-44D8-84B7-D697FC417A8C}.Release|Any CPU.Build.0 = Release|Any CPU
		{AD1A69DA-A5D6-44D8-84B7-D697FC417A8C}.Release|Any CPU.Deploy.0 = Release|Any CPU
		{69489C97-5CA2-4A5A-B275-1FC3ABCEA30F}.Debug|Any CPU.ActiveCfg = Debug|Any CPU
		{69489C97-5CA2-4A5A-B275-1FC3ABCEA30F}.Debug|Any CPU.Build.0 = Debug|Any CPU
		{69489C97-5CA2-4A5A-B275-1FC3ABCEA30F}.Release|Any CPU.ActiveCfg = Release|Any CPU
		{69489C97-5CA2-4A5A-B275-1FC3ABCEA30F}.Release|Any CPU.Build.0 = Release|Any CPU
	EndGlobalSection
	GlobalSection(SolutionProperties) = preSolution
		HideSolutionNode = FALSE
	EndGlobalSection
	GlobalSection(NestedProjects) = preSolution
		{E804C629-E63A-4C31-AC7C-523C6388DE7A} = {BCDA2338-7F1B-467D-B922-2F3B32DFDEFB}
		{F68A610B-B5F3-456F-AC7A-FB60CA47DD39} = {1029913F-F4E0-49AA-838E-9325CEC35182}
		{1029913F-F4E0-49AA-838E-9325CEC35182} = {BCDA2338-7F1B-467D-B922-2F3B32DFDEFB}
		{CEC9A23E-8989-4144-B653-5488008A97E7} = {BCDA2338-7F1B-467D-B922-2F3B32DFDEFB}
		{9D4E819A-9977-4589-8B8F-04373911191F} = {CEC9A23E-8989-4144-B653-5488008A97E7}
		{CC038C0B-AD8C-473C-A7D3-2106BB63A90F} = {CEC9A23E-8989-4144-B653-5488008A97E7}
		{C1AB6C5A-BFE8-4DBD-B330-5E4E8D36CF6A} = {1029913F-F4E0-49AA-838E-9325CEC35182}
		{96B4724E-21BE-4BFE-B191-EFE0DEF95575} = {1029913F-F4E0-49AA-838E-9325CEC35182}
		{6111522D-10E1-4FA9-8646-34CA1A6D0B81} = {0B3BF2BE-B061-4148-A2FD-F30B54266D67}
		{28AA0546-EEF3-401E-9FF9-C77E6A14BC95} = {BFEBCC95-11F5-45C8-BDC4-9009082E85FB}
		{BFEBCC95-11F5-45C8-BDC4-9009082E85FB} = {FE0A6A53-9E37-4F6A-8008-0630E90D7099}
		{9882A14B-D12E-4D9A-B257-1B868A600A6D} = {FE0A6A53-9E37-4F6A-8008-0630E90D7099}
		{779AD218-7429-453F-ACEE-30F0A919A94C} = {9882A14B-D12E-4D9A-B257-1B868A600A6D}
		{5277B19D-317B-425C-BDEA-7112682DE807} = {BFEBCC95-11F5-45C8-BDC4-9009082E85FB}
		{97E17E17-8792-4741-A3EF-61EA39CC9F00} = {9882A14B-D12E-4D9A-B257-1B868A600A6D}
		{AD1A69DA-A5D6-44D8-84B7-D697FC417A8C} = {BFEBCC95-11F5-45C8-BDC4-9009082E85FB}
		{69489C97-5CA2-4A5A-B275-1FC3ABCEA30F} = {FE0A6A53-9E37-4F6A-8008-0630E90D7099}
	EndGlobalSection
	GlobalSection(ExtensibilityGlobals) = postSolution
		SolutionGuid = {30E06B55-952A-4A7F-84C0-5C4B40474936}
	EndGlobalSection
EndGlobal
